
Microsoft Visual Studio Solution File, Format Version 12.00
# Visual Studio Version 18
VisualStudioVersion = 18.5.11716.220 stable
MinimumVisualStudioVersion = 10.0.40219.1
Project("{FAE04EC0-301F-11D3-BF4B-00C04F79EFBC}") = "TLIGDashboard", "TLIGDashboard.csproj", "{EAEFCA2D-3042-0067-A671-8E4DC078CCEE}"
EndProject
Global
	GlobalSection(SolutionConfigurationPlatforms) = preSolution
		Debug|Any CPU = Debug|Any CPU
		Release|Any CPU = Release|Any CPU
	EndGlobalSection
	GlobalSection(ProjectConfigurationPlatforms) = postSolution
		{EAEFCA2D-3042-0067-A671-8E4DC078CCEE}.Debug|Any CPU.ActiveCfg = Debug|Any CPU
		{EAEFCA2D-3042-0067-A671-8E4DC078CCEE}.Debug|Any CPU.Build.0 = Debug|Any CPU
		{EAEFCA2D-3042-0067-A671-8E4DC078CCEE}.Release|Any CPU.ActiveCfg = Release|Any CPU
		{EAEFCA2D-3042-0067-A671-8E4DC078CCEE}.Release|Any CPU.Build.0 = Release|Any CPU
	EndGlobalSection
	GlobalSection(SolutionProperties) = preSolution
		HideSolutionNode = FALSE
	EndGlobalSection
	GlobalSection(ExtensibilityGlobals) = postSolution
		SolutionGuid = {A35F0B84-9D47-433E-B887-AA67861A4E4F}
	EndGlobalSection
EndGlobal
